// !$*UTF8*$!
{
	archiveVersion = 1;
	classes = {
	};
	objectVersion = 50;
	objects = {

/* Begin PBXBuildFile section */
		8B81502723749C3900D0846D /* main.swift in Sources */ = {isa = PBXBuildFile; fileRef = 8B81502623749C3900D0846D /* main.swift */; };
		8B81502E2376B9EC00D0846D /* DataProvider.swift in Sources */ = {isa = PBXBuildFile; fileRef = 8B81502D2376B9EC00D0846D /* DataProvider.swift */; };
		8B8150302376BA5500D0846D /* Person.swift in Sources */ = {isa = PBXBuildFile; fileRef = 8B81502F2376BA5500D0846D /* Person.swift */; };
		8B8150322376BA7300D0846D /* Address.swift in Sources */ = {isa = PBXBuildFile; fileRef = 8B8150312376BA7300D0846D /* Address.swift */; };
		8B8150362376BB9A00D0846D /* PersonsGenerator.swift in Sources */ = {isa = PBXBuildFile; fileRef = 8B8150352376BB9A00D0846D /* PersonsGenerator.swift */; };
		8B8150382376C68A00D0846D /* FileHelper.swift in Sources */ = {isa = PBXBuildFile; fileRef = 8B8150372376C68A00D0846D /* FileHelper.swift */; };
/* End PBXBuildFile section */

/* Begin PBXCopyFilesBuildPhase section */
		8B81502123749C3900D0846D /* CopyFiles */ = {
			isa = PBXCopyFilesBuildPhase;
			buildActionMask = 2147483647;
			dstPath = /usr/share/man/man1/;
			dstSubfolderSpec = 0;
			files = (
			);
			runOnlyForDeploymentPostprocessing = 1;
		};
/* End PBXCopyFilesBuildPhase section */

/* Begin PBXFileReference section */
		8B81502323749C3900D0846D /* HumansSheet */ = {isa = PBXFileReference; explicitFileType = "compiled.mach-o.executable"; includeInIndex = 0; path = HumansSheet; sourceTree = BUILT_PRODUCTS_DIR; };
		8B81502623749C3900D0846D /* main.swift */ = {isa = PBXFileReference; lastKnownFileType = sourcecode.swift; path = main.swift; sourceTree = "<group>"; };
		8B81502D2376B9EC00D0846D /* DataProvider.swift */ = {isa = PBXFileReference; lastKnownFileType = sourcecode.swift; path = DataProvider.swift; sourceTree = "<group>"; };
		8B81502F2376BA5500D0846D /* Person.swift */ = {isa = PBXFileReference; lastKnownFileType = sourcecode.swift; path = Person.swift; sourceTree = "<group>"; };
		8B8150312376BA7300D0846D /* Address.swift */ = {isa = PBXFileReference; lastKnownFileType = sourcecode.swift; path = Address.swift; sourceTree = "<group>"; };
		8B8150352376BB9A00D0846D /* PersonsGenerator.swift */ = {isa = PBXFileReference; lastKnownFileType = sourcecode.swift; path = PersonsGenerator.swift; sourceTree = "<group>"; };
		8B8150372376C68A00D0846D /* FileHelper.swift */ = {isa = PBXFileReference; lastKnownFileType = sourcecode.swift; path = FileHelper.swift; sourceTree = "<group>"; };
/* End PBXFileReference section */

/* Begin PBXFrameworksBuildPhase section */
		8B81502023749C3900D0846D /* Frameworks */ = {
			isa = PBXFrameworksBuildPhase;
			buildActionMask = 2147483647;
			files = (
			);
			runOnlyForDeploymentPostprocessing = 0;
		};
/* End PBXFrameworksBuildPhase section */

/* Begin PBXGroup section */
		8B81501A23749C3900D0846D = {
			isa = PBXGroup;
			children = (
				8B81502523749C3900D0846D /* HumansSheet */,
				8B81502423749C3900D0846D /* Products */,
			);
			sourceTree = "<group>";
		};
		8B81502423749C3900D0846D /* Products */ = {
			isa = PBXGroup;
			children = (
				8B81502323749C3900D0846D /* HumansSheet */,
			);
			name = Products;
			sourceTree = "<group>";
		};
		8B81502523749C3900D0846D /* HumansSheet */ = {
			isa = PBXGroup;
			children = (
				8B8150392376C69700D0846D /* Helpers */,
				8B8150342376BB2900D0846D /* Data */,
				8B8150332376BAEC00D0846D /* Models */,
				8B8150352376BB9A00D0846D /* PersonsGenerator.swift */,
				8B81502623749C3900D0846D /* main.swift */,
			);
			path = HumansSheet;
			sourceTree = "<group>";
		};
		8B8150332376BAEC00D0846D /* Models */ = {
			isa = PBXGroup;
			children = (
				8B81502F2376BA5500D0846D /* Person.swift */,
				8B8150312376BA7300D0846D /* Address.swift */,
			);
			path = Models;
			sourceTree = "<group>";
		};
		8B8150342376BB2900D0846D /* Data */ = {
			isa = PBXGroup;
			children = (
				8B81502D2376B9EC00D0846D /* DataProvider.swift */,
			);
			path = Data;
			sourceTree = "<group>";
		};
		8B8150392376C69700D0846D /* Helpers */ = {
			isa = PBXGroup;
			children = (
				8B8150372376C68A00D0846D /* FileHelper.swift */,
			);
			path = Helpers;
			sourceTree = "<group>";
		};
/* End PBXGroup section */

/* Begin PBXNativeTarget section */
		8B81502223749C3900D0846D /* HumansSheet */ = {
			isa = PBXNativeTarget;
			buildConfigurationList = 8B81502A23749C3900D0846D /* Build configuration list for PBXNativeTarget "HumansSheet" */;
			buildPhases = (
				8B81501F23749C3900D0846D /* Sources */,
				8B81502023749C3900D0846D /* Frameworks */,
				8B81502123749C3900D0846D /* CopyFiles */,
			);
			buildRules = (
			);
			dependencies = (
			);
			name = HumansSheet;
			productName = HumansSheet;
			productReference = 8B81502323749C3900D0846D /* HumansSheet */;
			productType = "com.apple.product-type.tool";
		};
/* End PBXNativeTarget section */

/* Begin PBXProject section */
		8B81501B23749C3900D0846D /* Project object */ = {
			isa = PBXProject;
			attributes = {
				LastSwiftUpdateCheck = 1030;
				LastUpgradeCheck = 1030;
				ORGANIZATIONNAME = Anekig;
				TargetAttributes = {
					8B81502223749C3900D0846D = {
						CreatedOnToolsVersion = 10.3;
					};
				};
			};
			buildConfigurationList = 8B81501E23749C3900D0846D /* Build configuration list for PBXProject "HumansSheet" */;
			compatibilityVersion = "Xcode 9.3";
			developmentRegion = en;
			hasScannedForEncodings = 0;
			knownRegions = (
				en,
			);
			mainGroup = 8B81501A23749C3900D0846D;
			productRefGroup = 8B81502423749C3900D0846D /* Products */;
			projectDirPath = "";
			projectRoot = "";
			targets = (
				8B81502223749C3900D0846D /* HumansSheet */,
			);
		};
/* End PBXProject section */

/* Begin PBXSourcesBuildPhase section */
		8B81501F23749C3900D0846D /* Sources */ = {
			isa = PBXSourcesBuildPhase;
			buildActionMask = 2147483647;
			files = (
				8B8150302376BA5500D0846D /* Person.swift in Sources */,
				8B8150362376BB9A00D0846D /* PersonsGenerator.swift in Sources */,
				8B81502723749C3900D0846D /* main.swift in Sources */,
				8B8150322376BA7300D0846D /* Address.swift in Sources */,
				8B81502E2376B9EC00D0846D /* DataProvider.swift in Sources */,
				8B8150382376C68A00D0846D /* FileHelper.swift in Sources */,
			);
			runOnlyForDeploymentPostprocessing = 0;
		};
/* End PBXSourcesBuildPhase section */

/* Begin XCBuildConfiguration section */
		8B81502823749C3900D0846D /* Debug */ = {
			isa = XCBuildConfiguration;
			buildSettings = {
				ALWAYS_SEARCH_USER_PATHS = NO;
				CLANG_ANALYZER_NONNULL = YES;
				CLANG_ANALYZER_NUMBER_OBJECT_CONVERSION = YES_AGGRESSIVE;
				CLANG_CXX_LANGUAGE_STANDARD = "gnu++14";
				CLANG_CXX_LIBRARY = "libc++";
				CLANG_ENABLE_MODULES = YES;
				CLANG_ENABLE_OBJC_ARC = YES;
				CLANG_ENABLE_OBJC_WEAK = YES;
				CLANG_WARN_BLOCK_CAPTURE_AUTORELEASING = YES;
				CLANG_WARN_BOOL_CONVERSION = YES;
				CLANG_WARN_COMMA = YES;
				CLANG_WARN_CONSTANT_CONVERSION = YES;
				CLANG_WARN_DEPRECATED_OBJC_IMPLEMENTATIONS = YES;
				CLANG_WARN_DIRECT_OBJC_ISA_USAGE = YES_ERROR;
				CLANG_WARN_DOCUMENTATION_COMMENTS = YES;
				CLANG_WARN_EMPTY_BODY = YES;
				CLANG_WARN_ENUM_CONVERSION = YES;
				CLANG_WARN_INFINITE_RECURSION = YES;
				CLANG_WARN_INT_CONVERSION = YES;
				CLANG_WARN_NON_LITERAL_NULL_CONVERSION = YES;
				CLANG_WARN_OBJC_IMPLICIT_RETAIN_SELF = YES;
				CLANG_WARN_OBJC_LITERAL_CONVERSION = YES;
				CLANG_WARN_OBJC_ROOT_CLASS = YES_ERROR;
				CLANG_WARN_RANGE_LOOP_ANALYSIS = YES;
				CLANG_WARN_STRICT_PROTOTYPES = YES;
				CLANG_WARN_SUSPICIOUS_MOVE = YES;
				CLANG_WARN_UNGUARDED_AVAILABILITY = YES_AGGRESSIVE;
				CLANG_WARN_UNREACHABLE_CODE = YES;
				CLANG_WARN__DUPLICATE_METHOD_MATCH = YES;
				CODE_SIGN_IDENTITY = "Mac Developer";
				COPY_PHASE_STRIP = NO;
				DEBUG_INFORMATION_FORMAT = dwarf;
				ENABLE_STRICT_OBJC_MSGSEND = YES;
				ENABLE_TESTABILITY = YES;
				GCC_C_LANGUAGE_STANDARD = gnu11;
				GCC_DYNAMIC_NO_PIC = NO;
				GCC_NO_COMMON_BLOCKS = YES;
				GCC_OPTIMIZATION_LEVEL = 0;
				GCC_PREPROCESSOR_DEFINITIONS = (
					"DEBUG=1",
					"$(inherited)",
				);
				GCC_WARN_64_TO_32_BIT_CONVERSION = YES;
				GCC_WARN_ABOUT_RETURN_TYPE = YES_ERROR;
				GCC_WARN_UNDECLARED_SELECTOR = YES;
				GCC_WARN_UNINITIALIZED_AUTOS = YES_AGGRESSIVE;
				GCC_WARN_UNUSED_FUNCTION = YES;
				GCC_WARN_UNUSED_VARIABLE = YES;
				MACOSX_DEPLOYMENT_TARGET = 10.14;
				MTL_ENABLE_DEBUG_INFO = INCLUDE_SOURCE;
				MTL_FAST_MATH = YES;
				ONLY_ACTIVE_ARCH = YES;
				SDKROOT = macosx;
				SWIFT_ACTIVE_COMPILATION_CONDITIONS = DEBUG;
				SWIFT_OPTIMIZATION_LEVEL = "-Onone";
			};
			name = Debug;
		};
		8B81502923749C3900D0846D /* Release */ = {
			isa = XCBuildConfiguration;
			buildSettings = {
				ALWAYS_SEARCH_USER_PATHS = NO;
				CLANG_ANALYZER_NONNULL = YES;
				CLANG_ANALYZER_NUMBER_OBJECT_CONVERSION = YES_AGGRESSIVE;
				CLANG_CXX_LANGUAGE_STANDARD = "gnu++14";
				CLANG_CXX_LIBRARY = "libc++";
				CLANG_ENABLE_MODULES = YES;
				CLANG_ENABLE_OBJC_ARC = YES;
				CLANG_ENABLE_OBJC_WEAK = YES;
				CLANG_WARN_BLOCK_CAPTURE_AUTORELEASING = YES;
				CLANG_WARN_BOOL_CONVERSION = YES;
				CLANG_WARN_COMMA = YES;
				CLANG_WARN_CONSTANT_CONVERSION = YES;
				CLANG_WARN_DEPRECATED_OBJC_IMPLEMENTATIONS = YES;
				CLANG_WARN_DIRECT_OBJC_ISA_USAGE = YES_ERROR;
				CLANG_WARN_DOCUMENTATION_COMMENTS = YES;
				CLANG_WARN_EMPTY_BODY = YES;
				CLANG_WARN_ENUM_CONVERSION = YES;
				CLANG_WARN_INFINITE_RECURSION = YES;
				CLANG_WARN_INT_CONVERSION = YES;
				CLANG_WARN_NON_LITERAL_NULL_CONVERSION = YES;
				CLANG_WARN_OBJC_IMPLICIT_RETAIN_SELF = YES;
				CLANG_WARN_OBJC_LITERAL_CONVERSION = YES;
				CLANG_WARN_OBJC_ROOT_CLASS = YES_ERROR;
				CLANG_WARN_RANGE_LOOP_ANALYSIS = YES;
				CLANG_WARN_STRICT_PROTOTYPES = YES;
				CLANG_WARN_SUSPICIOUS_MOVE = YES;
				CLANG_WARN_UNGUARDED_AVAILABILITY = YES_AGGRESSIVE;
				CLANG_WARN_UNREACHABLE_CODE = YES;
				CLANG_WARN__DUPLICATE_METHOD_MATCH = YES;
				CODE_SIGN_IDENTITY = "Mac Developer";
				COPY_PHASE_STRIP = NO;
				DEBUG_INFORMATION_FORMAT = "dwarf-with-dsym";
				ENABLE_NS_ASSERTIONS = NO;
				ENABLE_STRICT_OBJC_MSGSEND = YES;
				GCC_C_LANGUAGE_STANDARD = gnu11;
				GCC_NO_COMMON_BLOCKS = YES;
				GCC_WARN_64_TO_32_BIT_CONVERSION = YES;
				GCC_WARN_ABOUT_RETURN_TYPE = YES_ERROR;
				GCC_WARN_UNDECLARED_SELECTOR = YES;
				GCC_WARN_UNINITIALIZED_AUTOS = YES_AGGRESSIVE;
				GCC_WARN_UNUSED_FUNCTION = YES;
				GCC_WARN_UNUSED_VARIABLE = YES;
				MACOSX_DEPLOYMENT_TARGET = 10.14;
				MTL_ENABLE_DEBUG_INFO = NO;
				MTL_FAST_MATH = YES;
				SDKROOT = macosx;
				SWIFT_COMPILATION_MODE = wholemodule;
				SWIFT_OPTIMIZATION_LEVEL = "-O";
			};
			name = Release;
		};
		8B81502B23749C3900D0846D /* Debug */ = {
			isa = XCBuildConfiguration;
			buildSettings = {
				CODE_SIGN_STYLE = Automatic;
				DEVELOPMENT_TEAM = K9662Z3H97;
				PRODUCT_NAME = "$(TARGET_NAME)";
				SWIFT_VERSION = 5.0;
			};
			name = Debug;
		};
		8B81502C23749C3900D0846D /* Release */ = {
			isa = XCBuildConfiguration;
			buildSettings = {
				CODE_SIGN_STYLE = Automatic;
				DEVELOPMENT_TEAM = K9662Z3H97;
				PRODUCT_NAME = "$(TARGET_NAME)";
				SWIFT_VERSION = 5.0;
			};
			name = Release;
		};
/* End XCBuildConfiguration section */

/* Begin XCConfigurationList section */
		8B81501E23749C3900D0846D /* Build configuration list for PBXProject "HumansSheet" */ = {
			isa = XCConfigurationList;
			buildConfigurations = (
				8B81502823749C3900D0846D /* Debug */,
				8B81502923749C3900D0846D /* Release */,
			);
			defaultConfigurationIsVisible = 0;
			defaultConfigurationName = Release;
		};
		8B81502A23749C3900D0846D /* Build configuration list for PBXNativeTarget "HumansSheet" */ = {
			isa = XCConfigurationList;
			buildConfigurations = (
				8B81502B23749C3900D0846D /* Debug */,
				8B81502C23749C3900D0846D /* Release */,
			);
			defaultConfigurationIsVisible = 0;
			defaultConfigurationName = Release;
		};
/* End XCConfigurationList section */
	};
	rootObject = 8B81501B23749C3900D0846D /* Project object */;
}
